
Microsoft Visual Studio Solution File, Format Version 12.00
# Visual Studio Version 16
VisualStudioVersion = 16.0.33927.289
MinimumVisualStudioVersion = 10.0.40219.1
Project("{2150E333-8FDC-42A3-9474-1A3956D46DE8}") = "Task0", "Task0", "{83A6E853-56C2-43FD-B89C-FCFC9AB84BE5}"
EndProject
Project("{FAE04EC0-301F-11D3-BF4B-00C04F79EFBC}") = "Tyuiu.IvashkinaKE.Sprint0.Task0.V0", "Tyuiu.IvashkinaKE.Sprint0.Task0.V0\Tyuiu.IvashkinaKE.Sprint0.Task0.V0.csproj", "{F1304421-FFF5-4283-8D8A-F78E3F5699C2}"
EndProject
Project("{2150E333-8FDC-42A3-9474-1A3956D46DE8}") = "Task1", "Task1", "{87C8EB03-CB50-4B35-B21E-E86254AE9793}"
EndProject
Project("{FAE04EC0-301F-11D3-BF4B-00C04F79EFBC}") = "Tyuiu.IvashkinaKE.Sprint0.Task1.V0", "Tyuiu.IvashkinaKE.Sprint0.Task1.V0\Tyuiu.IvashkinaKE.Sprint0.Task1.V0.csproj", "{9AE9F6D9-1D16-4DA7-AF83-DD2EDB4D3471}"
EndProject
Project("{2150E333-8FDC-42A3-9474-1A3956D46DE8}") = "Task2", "Task2", "{4560E695-E7CC-4C57-A188-1F9493374C7B}"
EndProject
Project("{FAE04EC0-301F-11D3-BF4B-00C04F79EFBC}") = "Tyuiu.IvashkinaKE.Sprint0.Task2.V0", "Tyuiu.IvashkinaKE.Sprint0.Task2.V0\Tyuiu.IvashkinaKE.Sprint0.Task2.V0.csproj", "{888E4C7B-57D6-446F-A88A-C624CE852EC4}"
EndProject
Project("{FAE04EC0-301F-11D3-BF4B-00C04F79EFBC}") = "Tyuiu.IvashkinaKE.Sprint0.Task2.V0.Lib", "Tyuiu.IvashkinaKE.Sprint0.Task2.V0.lib\Tyuiu.IvashkinaKE.Sprint0.Task2.V0.Lib.csproj", "{BD699E60-5B98-4D86-9C8E-79F0E5E6FB86}"
EndProject
Project("{FAE04EC0-301F-11D3-BF4B-00C04F79EFBC}") = "Tyuiu.IvashkinaKE.Sprint0.Task2.V0.Test", "Tyuiu.IvashkinaKE.Sprint0.Task2.V0.Test\Tyuiu.IvashkinaKE.Sprint0.Task2.V0.Test.csproj", "{5D75DC0F-CFBA-43EC-A2AA-C49911728D92}"
EndProject
Project("{2150E333-8FDC-42A3-9474-1A3956D46DE8}") = "Task3", "Task3", "{36016101-0A28-4CCD-AD72-93B2494B7A88}"
EndProject
Project("{FAE04EC0-301F-11D3-BF4B-00C04F79EFBC}") = "Tyuiu.IvashkinaKE.Sprint0.Task3.V0", "Tyuiu.IvashkinaKE.Sprint0.Task3.V0\Tyuiu.IvashkinaKE.Sprint0.Task3.V0.csproj", "{46F39813-DCF8-4F77-A2DE-6A1F381C300D}"
EndProject
Project("{FAE04EC0-301F-11D3-BF4B-00C04F79EFBC}") = "Tyuiu.IvashkinaKE.Sprint0.Task3.V0.Lib", "Tyuiu.IvashkinaKE.Sprint0.Task3.V0.Lib\Tyuiu.IvashkinaKE.Sprint0.Task3.V0.Lib.csproj", "{3E8729D3-1A15-47D7-9C46-872A8EB6DBE9}"
EndProject
Project("{FAE04EC0-301F-11D3-BF4B-00C04F79EFBC}") = "Tyuiu.IvashkinaKE.Sprint0.Task3.V0.Test", "Tyuiu.IvashkinaKE.Sprint0.Task3.V0.Test\Tyuiu.IvashkinaKE.Sprint0.Task3.V0.Test.csproj", "{DD849659-4B03-481B-9184-7BB52DBA860E}"
EndProject
Project("{2150E333-8FDC-42A3-9474-1A3956D46DE8}") = "Task4", "Task4", "{DAD9C977-0482-4BF2-8078-74D8B549107F}"
EndProject
Project("{FAE04EC0-301F-11D3-BF4B-00C04F79EFBC}") = "Tyuiu.IvashkinaKE.Sprint0.Task4.V0", "Tyuiu.IvashkinaKE.Sprint0.Task4.V0\Tyuiu.IvashkinaKE.Sprint0.Task4.V0.csproj", "{337172BD-138F-41C5-BACA-937B5C4D4948}"
EndProject
Project("{FAE04EC0-301F-11D3-BF4B-00C04F79EFBC}") = "Tyuiu.IvashkinaKE.Sprint0.Task4.V0.Lib", "Tyuiu.IvashkinaKE.Sprint0.Task4.V0.Lib\Tyuiu.IvashkinaKE.Sprint0.Task4.V0.Lib.csproj", "{BD1FE434-B271-43F9-980A-D426483FB6A0}"
EndProject
Project("{FAE04EC0-301F-11D3-BF4B-00C04F79EFBC}") = "Tyuiu.IvashkinaKE.Sprint0.Task4.V0.Test", "Tyuiu.IvashkinaKE.Sprint0.Task4.V0.Test\Tyuiu.IvashkinaKE.Sprint0.Task4.V0.Test.csproj", "{21F09297-D5A3-40A8-B034-C01D3E8E3687}"
EndProject
Project("{2150E333-8FDC-42A3-9474-1A3956D46DE8}") = "Task5", "Task5", "{2F097C0E-E8CC-4E2A-897E-AA8BD6C393B9}"
EndProject
Project("{FAE04EC0-301F-11D3-BF4B-00C04F79EFBC}") = "Tyuiu.IvashkinaKE.Sprint0.Task5.V0", "Tyuiu.IvashkinaKE.Sprint0.Task5.V0\Tyuiu.IvashkinaKE.Sprint0.Task5.V0.csproj", "{15456C57-ADDF-49EC-BC99-2B9E6C77A84F}"
EndProject
Project("{FAE04EC0-301F-11D3-BF4B-00C04F79EFBC}") = "Tyuiu.IvashkinaKE.Sprint0.Task5.V0.Lib", "Tyuiu.IvashkinaKE.Sprint0.Task5.V0.Lib\Tyuiu.IvashkinaKE.Sprint0.Task5.V0.Lib.csproj", "{CC2E697F-F80A-47B0-A6F9-D5D73E317438}"
EndProject
Project("{FAE04EC0-301F-11D3-BF4B-00C04F79EFBC}") = "Tyuiu.IvashkinaKE.Sprint0.Task5.V0.Test", "Tyuiu.IvashkinaKE.Sprint0.Task5.V0.Test\Tyuiu.IvashkinaKE.Sprint0.Task5.V0.Test.csproj", "{13BE5C15-0F4F-4519-B170-7259AA5B0836}"
EndProject
Project("{2150E333-8FDC-42A3-9474-1A3956D46DE8}") = "Task6", "Task6", "{D9858FA2-85BE-497C-87E8-2DAE143ED949}"
EndProject
Project("{FAE04EC0-301F-11D3-BF4B-00C04F79EFBC}") = "Tyuiu.IvashkinaKE.Sprint0.Task6.V0", "Tyuiu.IvashkinaKE.Sprint0.Task6.V0\Tyuiu.IvashkinaKE.Sprint0.Task6.V0.csproj", "{DBB6937A-E387-4510-B878-025255E529A4}"
EndProject
Project("{FAE04EC0-301F-11D3-BF4B-00C04F79EFBC}") = "Tyuiu.IvashkinaKE.Sprint0.Task6.V0.Lib", "Tyuiu.IvashkinaKE.Sprint0.Task6.V0.Lib\Tyuiu.IvashkinaKE.Sprint0.Task6.V0.Lib.csproj", "{B95C2AEE-81E7-4A08-874E-1F15549A801D}"
EndProject
Project("{FAE04EC0-301F-11D3-BF4B-00C04F79EFBC}") = "Tyuiu.IvashkinaKE.Sprint0.Task6.V0.Test", "Tyuiu.IvashkinaKE.Sprint0.Task6.V0.Test\Tyuiu.IvashkinaKE.Sprint0.Task6.V0.Test.csproj", "{89EC0611-D3E7-42D6-9362-1E826FCA08C7}"
EndProject
Project("{2150E333-8FDC-42A3-9474-1A3956D46DE8}") = "Task7", "Task7", "{34800825-E660-4150-AF6B-9E719858CAE8}"
EndProject
Project("{FAE04EC0-301F-11D3-BF4B-00C04F79EFBC}") = "Tyuiu.IvashkinaKE.Sprint0.Task7.V0", "Tyuiu.IvashkinaKE.Sprint0.Task7.V0\Tyuiu.IvashkinaKE.Sprint0.Task7.V0.csproj", "{A52B0C23-5191-4083-BAAD-220E04F93C16}"
EndProject
Project("{FAE04EC0-301F-11D3-BF4B-00C04F79EFBC}") = "Tyuiu.IvashkinaKE.Sprint0.Task7.V0.Lib", "Tyuiu.IvashkinaKE.Sprint0.Task7.V0.Lib\Tyuiu.IvashkinaKE.Sprint0.Task7.V0.Lib.csproj", "{403AD9E6-251A-4E0F-A74E-A26C68D0F027}"
EndProject
Project("{FAE04EC0-301F-11D3-BF4B-00C04F79EFBC}") = "Tyuiu.IvashkinaKE.Sprint0.Task7.V0.Test", "Tyuiu.IvashkinaKE.Sprint0.Task7.V0.Test\Tyuiu.IvashkinaKE.Sprint0.Task7.V0.Test.csproj", "{914F2EA5-8891-43F9-B076-7314C321E66E}"
EndProject
Global
	GlobalSection(SolutionConfigurationPlatforms) = preSolution
		Debug|Any CPU = Debug|Any CPU
		Release|Any CPU = Release|Any CPU
	EndGlobalSection
	GlobalSection(ProjectConfigurationPlatforms) = postSolution
		{F1304421-FFF5-4283-8D8A-F78E3F5699C2}.Debug|Any CPU.ActiveCfg = Debug|Any CPU
		{F1304421-FFF5-4283-8D8A-F78E3F5699C2}.Debug|Any CPU.Build.0 = Debug|Any CPU
		{F1304421-FFF5-4283-8D8A-F78E3F5699C2}.Release|Any CPU.ActiveCfg = Release|Any CPU
		{F1304421-FFF5-4283-8D8A-F78E3F5699C2}.Release|Any CPU.Build.0 = Release|Any CPU
		{9AE9F6D9-1D16-4DA7-AF83-DD2EDB4D3471}.Debug|Any CPU.ActiveCfg = Debug|Any CPU
		{9AE9F6D9-1D16-4DA7-AF83-DD2EDB4D3471}.Debug|Any CPU.Build.0 = Debug|Any CPU
		{9AE9F6D9-1D16-4DA7-AF83-DD2EDB4D3471}.Release|Any CPU.ActiveCfg = Release|Any CPU
		{9AE9F6D9-1D16-4DA7-AF83-DD2EDB4D3471}.Release|Any CPU.Build.0 = Release|Any CPU
		{888E4C7B-57D6-446F-A88A-C624CE852EC4}.Debug|Any CPU.ActiveCfg = Debug|Any CPU
		{888E4C7B-57D6-446F-A88A-C624CE852EC4}.Debug|Any CPU.Build.0 = Debug|Any CPU
		{888E4C7B-57D6-446F-A88A-C624CE852EC4}.Release|Any CPU.ActiveCfg = Release|Any CPU
		{888E4C7B-57D6-446F-A88A-C624CE852EC4}.Release|Any CPU.Build.0 = Release|Any CPU
		{BD699E60-5B98-4D86-9C8E-79F0E5E6FB86}.Debug|Any CPU.ActiveCfg = Debug|Any CPU
		{BD699E60-5B98-4D86-9C8E-79F0E5E6FB86}.Debug|Any CPU.Build.0 = Debug|Any CPU
		{BD699E60-5B98-4D86-9C8E-79F0E5E6FB86}.Release|Any CPU.ActiveCfg = Release|Any CPU
		{BD699E60-5B98-4D86-9C8E-79F0E5E6FB86}.Release|Any CPU.Build.0 = Release|Any CPU
		{5D75DC0F-CFBA-43EC-A2AA-C49911728D92}.Debug|Any CPU.ActiveCfg = Debug|Any CPU
		{5D75DC0F-CFBA-43EC-A2AA-C49911728D92}.Debug|Any CPU.Build.0 = Debug|Any CPU
		{5D75DC0F-CFBA-43EC-A2AA-C49911728D92}.Release|Any CPU.ActiveCfg = Release|Any CPU
		{5D75DC0F-CFBA-43EC-A2AA-C49911728D92}.Release|Any CPU.Build.0 = Release|Any CPU
		{46F39813-DCF8-4F77-A2DE-6A1F381C300D}.Debug|Any CPU.ActiveCfg = Debug|Any CPU
		{46F39813-DCF8-4F77-A2DE-6A1F381C300D}.Debug|Any CPU.Build.0 = Debug|Any CPU
		{46F39813-DCF8-4F77-A2DE-6A1F381C300D}.Release|Any CPU.ActiveCfg = Release|Any CPU
		{46F39813-DCF8-4F77-A2DE-6A1F381C300D}.Release|Any CPU.Build.0 = Release|Any CPU
		{3E8729D3-1A15-47D7-9C46-872A8EB6DBE9}.Debug|Any CPU.ActiveCfg = Debug|Any CPU
		{3E8729D3-1A15-47D7-9C46-872A8EB6DBE9}.Debug|Any CPU.Build.0 = Debug|Any CPU
		{3E8729D3-1A15-47D7-9C46-872A8EB6DBE9}.Release|Any CPU.ActiveCfg = Release|Any CPU
		{3E8729D3-1A15-47D7-9C46-872A8EB6DBE9}.Release|Any CPU.Build.0 = Release|Any CPU
		{DD849659-4B03-481B-9184-7BB52DBA860E}.Debug|Any CPU.ActiveCfg = Debug|Any CPU
		{DD849659-4B03-481B-9184-7BB52DBA860E}.Debug|Any CPU.Build.0 = Debug|Any CPU
		{DD849659-4B03-481B-9184-7BB52DBA860E}.Release|Any CPU.ActiveCfg = Release|Any CPU
		{DD849659-4B03-481B-9184-7BB52DBA860E}.Release|Any CPU.Build.0 = Release|Any CPU
		{337172BD-138F-41C5-BACA-937B5C4D4948}.Debug|Any CPU.ActiveCfg = Debug|Any CPU
		{337172BD-138F-41C5-BACA-937B5C4D4948}.Debug|Any CPU.Build.0 = Debug|Any CPU
		{337172BD-138F-41C5-BACA-937B5C4D4948}.Release|Any CPU.ActiveCfg = Release|Any CPU
		{337172BD-138F-41C5-BACA-937B5C4D4948}.Release|Any CPU.Build.0 = Release|Any CPU
		{BD1FE434-B271-43F9-980A-D426483FB6A0}.Debug|Any CPU.ActiveCfg = Debug|Any CPU
		{BD1FE434-B271-43F9-980A-D426483FB6A0}.Debug|Any CPU.Build.0 = Debug|Any CPU
		{BD1FE434-B271-43F9-980A-D426483FB6A0}.Release|Any CPU.ActiveCfg = Release|Any CPU
		{BD1FE434-B271-43F9-980A-D426483FB6A0}.Release|Any CPU.Build.0 = Release|Any CPU
		{21F09297-D5A3-40A8-B034-C01D3E8E3687}.Debug|Any CPU.ActiveCfg = Debug|Any CPU
		{21F09297-D5A3-40A8-B034-C01D3E8E3687}.Debug|Any CPU.Build.0 = Debug|Any CPU
		{21F09297-D5A3-40A8-B034-C01D3E8E3687}.Release|Any CPU.ActiveCfg = Release|Any CPU
		{21F09297-D5A3-40A8-B034-C01D3E8E3687}.Release|Any CPU.Build.0 = Release|Any CPU
		{15456C57-ADDF-49EC-BC99-2B9E6C77A84F}.Debug|Any CPU.ActiveCfg = Debug|Any CPU
		{15456C57-ADDF-49EC-BC99-2B9E6C77A84F}.Debug|Any CPU.Build.0 = Debug|Any CPU
		{15456C57-ADDF-49EC-BC99-2B9E6C77A84F}.Release|Any CPU.ActiveCfg = Release|Any CPU
		{15456C57-ADDF-49EC-BC99-2B9E6C77A84F}.Release|Any CPU.Build.0 = Release|Any CPU
		{CC2E697F-F80A-47B0-A6F9-D5D73E317438}.Debug|Any CPU.ActiveCfg = Debug|Any CPU
		{CC2E697F-F80A-47B0-A6F9-D5D73E317438}.Debug|Any CPU.Build.0 = Debug|Any CPU
		{CC2E697F-F80A-47B0-A6F9-D5D73E317438}.Release|Any CPU.ActiveCfg = Release|Any CPU
		{CC2E697F-F80A-47B0-A6F9-D5D73E317438}.Release|Any CPU.Build.0 = Release|Any CPU
		{13BE5C15-0F4F-4519-B170-7259AA5B0836}.Debug|Any CPU.ActiveCfg = Debug|Any CPU
		{13BE5C15-0F4F-4519-B170-7259AA5B0836}.Debug|Any CPU.Build.0 = Debug|Any CPU
		{13BE5C15-0F4F-4519-B170-7259AA5B0836}.Release|Any CPU.ActiveCfg = Release|Any CPU
		{13BE5C15-0F4F-4519-B170-7259AA5B0836}.Release|Any CPU.Build.0 = Release|Any CPU
		{DBB6937A-E387-4510-B878-025255E529A4}.Debug|Any CPU.ActiveCfg = Debug|Any CPU
		{DBB6937A-E387-4510-B878-025255E529A4}.Debug|Any CPU.Build.0 = Debug|Any CPU
		{DBB6937A-E387-4510-B878-025255E529A4}.Release|Any CPU.ActiveCfg = Release|Any CPU
		{DBB6937A-E387-4510-B878-025255E529A4}.Release|Any CPU.Build.0 = Release|Any CPU
		{B95C2AEE-81E7-4A08-874E-1F15549A801D}.Debug|Any CPU.ActiveCfg = Debug|Any CPU
		{B95C2AEE-81E7-4A08-874E-1F15549A801D}.Debug|Any CPU.Build.0 = Debug|Any CPU
		{B95C2AEE-81E7-4A08-874E-1F15549A801D}.Release|Any CPU.ActiveCfg = Release|Any CPU
		{B95C2AEE-81E7-4A08-874E-1F15549A801D}.Release|Any CPU.Build.0 = Release|Any CPU
		{89EC0611-D3E7-42D6-9362-1E826FCA08C7}.Debug|Any CPU.ActiveCfg = Debug|Any CPU
		{89EC0611-D3E7-42D6-9362-1E826FCA08C7}.Debug|Any CPU.Build.0 = Debug|Any CPU
		{89EC0611-D3E7-42D6-9362-1E826FCA08C7}.Release|Any CPU.ActiveCfg = Release|Any CPU
		{89EC0611-D3E7-42D6-9362-1E826FCA08C7}.Release|Any CPU.Build.0 = Release|Any CPU
		{A52B0C23-5191-4083-BAAD-220E04F93C16}.Debug|Any CPU.ActiveCfg = Debug|Any CPU
		{A52B0C23-5191-4083-BAAD-220E04F93C16}.Debug|Any CPU.Build.0 = Debug|Any CPU
		{A52B0C23-5191-4083-BAAD-220E04F93C16}.Release|Any CPU.ActiveCfg = Release|Any CPU
		{A52B0C23-5191-4083-BAAD-220E04F93C16}.Release|Any CPU.Build.0 = Release|Any CPU
		{403AD9E6-251A-4E0F-A74E-A26C68D0F027}.Debug|Any CPU.ActiveCfg = Debug|Any CPU
		{403AD9E6-251A-4E0F-A74E-A26C68D0F027}.Debug|Any CPU.Build.0 = Debug|Any CPU
		{403AD9E6-251A-4E0F-A74E-A26C68D0F027}.Release|Any CPU.ActiveCfg = Release|Any CPU
		{403AD9E6-251A-4E0F-A74E-A26C68D0F027}.Release|Any CPU.Build.0 = Release|Any CPU
		{914F2EA5-8891-43F9-B076-7314C321E66E}.Debug|Any CPU.ActiveCfg = Debug|Any CPU
		{914F2EA5-8891-43F9-B076-7314C321E66E}.Debug|Any CPU.Build.0 = Debug|Any CPU
		{914F2EA5-8891-43F9-B076-7314C321E66E}.Release|Any CPU.ActiveCfg = Release|Any CPU
		{914F2EA5-8891-43F9-B076-7314C321E66E}.Release|Any CPU.Build.0 = Release|Any CPU
	EndGlobalSection
	GlobalSection(SolutionProperties) = preSolution
		HideSolutionNode = FALSE
	EndGlobalSection
	GlobalSection(NestedProjects) = preSolution
		{F1304421-FFF5-4283-8D8A-F78E3F5699C2} = {83A6E853-56C2-43FD-B89C-FCFC9AB84BE5}
		{9AE9F6D9-1D16-4DA7-AF83-DD2EDB4D3471} = {87C8EB03-CB50-4B35-B21E-E86254AE9793}
		{888E4C7B-57D6-446F-A88A-C624CE852EC4} = {4560E695-E7CC-4C57-A188-1F9493374C7B}
		{BD699E60-5B98-4D86-9C8E-79F0E5E6FB86} = {4560E695-E7CC-4C57-A188-1F9493374C7B}
		{5D75DC0F-CFBA-43EC-A2AA-C49911728D92} = {4560E695-E7CC-4C57-A188-1F9493374C7B}
		{46F39813-DCF8-4F77-A2DE-6A1F381C300D} = {36016101-0A28-4CCD-AD72-93B2494B7A88}
		{3E8729D3-1A15-47D7-9C46-872A8EB6DBE9} = {36016101-0A28-4CCD-AD72-93B2494B7A88}
		{DD849659-4B03-481B-9184-7BB52DBA860E} = {36016101-0A28-4CCD-AD72-93B2494B7A88}
		{337172BD-138F-41C5-BACA-937B5C4D4948} = {DAD9C977-0482-4BF2-8078-74D8B549107F}
		{BD1FE434-B271-43F9-980A-D426483FB6A0} = {DAD9C977-0482-4BF2-8078-74D8B549107F}
		{21F09297-D5A3-40A8-B034-C01D3E8E3687} = {DAD9C977-0482-4BF2-8078-74D8B549107F}
		{15456C57-ADDF-49EC-BC99-2B9E6C77A84F} = {2F097C0E-E8CC-4E2A-897E-AA8BD6C393B9}
		{CC2E697F-F80A-47B0-A6F9-D5D73E317438} = {2F097C0E-E8CC-4E2A-897E-AA8BD6C393B9}
		{13BE5C15-0F4F-4519-B170-7259AA5B0836} = {2F097C0E-E8CC-4E2A-897E-AA8BD6C393B9}
		{DBB6937A-E387-4510-B878-025255E529A4} = {D9858FA2-85BE-497C-87E8-2DAE143ED949}
		{B95C2AEE-81E7-4A08-874E-1F15549A801D} = {D9858FA2-85BE-497C-87E8-2DAE143ED949}
		{89EC0611-D3E7-42D6-9362-1E826FCA08C7} = {D9858FA2-85BE-497C-87E8-2DAE143ED949}
		{A52B0C23-5191-4083-BAAD-220E04F93C16} = {34800825-E660-4150-AF6B-9E719858CAE8}
		{403AD9E6-251A-4E0F-A74E-A26C68D0F027} = {34800825-E660-4150-AF6B-9E719858CAE8}
		{914F2EA5-8891-43F9-B076-7314C321E66E} = {34800825-E660-4150-AF6B-9E719858CAE8}
	EndGlobalSection
	GlobalSection(ExtensibilityGlobals) = postSolution
		SolutionGuid = {E7927D7A-D1B4-4290-9A2A-99DFF9C69831}
	EndGlobalSection
EndGlobal
